
Microsoft Visual Studio Solution File, Format Version 12.00
# Visual Studio Version 17
VisualStudioVersion = 17.10.35013.160
MinimumVisualStudioVersion = 10.0.40219.1
Project("{FAE04EC0-301F-11D3-BF4B-00C04F79EFBC}") = "EFCore", "EFCore\EFCore.csproj", "{67F5593B-FAA6-4ADD-92F0-2A28D1E4986D}"
EndProject
Global
	GlobalSection(SolutionConfigurationPlatforms) = preSolution
		Debug|Any CPU = Debug|Any CPU
		Release|Any CPU = Release|Any CPU
	EndGlobalSection
	GlobalSection(ProjectConfigurationPlatforms) = postSolution
		{67F5593B-FAA6-4ADD-92F0-2A28D1E4986D}.Debug|Any CPU.ActiveCfg = Debug|Any CPU
		{67F5593B-FAA6-4ADD-92F0-2A28D1E4986D}.Debug|Any CPU.Build.0 = Debug|Any CPU
		{67F5593B-FAA6-4ADD-92F0-2A28D1E4986D}.Release|Any CPU.ActiveCfg = Release|Any CPU
		{67F5593B-FAA6-4ADD-92F0-2A28D1E4986D}.Release|Any CPU.Build.0 = Release|Any CPU
	EndGlobalSection
	GlobalSection(SolutionProperties) = preSolution
		HideSolutionNode = FALSE
	EndGlobalSection
	GlobalSection(ExtensibilityGlobals) = postSolution
		SolutionGuid = {F80357FB-CD92-4079-8EBB-0D163F15B67C}
	EndGlobalSection
EndGlobal
